
Microsoft Visual Studio Solution File, Format Version 12.00
# Visual Studio Version 17
VisualStudioVersion = 17.10.35013.160
MinimumVisualStudioVersion = 10.0.40219.1
Project("{FAE04EC0-301F-11D3-BF4B-00C04F79EFBC}") = "GroceryStoreManagement", "GroceryStoreManagement\GroceryStoreManagement.csproj", "{DCBECF0A-A4A2-472D-8ACC-F0457EDBA14B}"
EndProject
Global
	GlobalSection(SolutionConfigurationPlatforms) = preSolution
		Debug|Any CPU = Debug|Any CPU
		Release|Any CPU = Release|Any CPU
	EndGlobalSection
	GlobalSection(ProjectConfigurationPlatforms) = postSolution
		{DCBECF0A-A4A2-472D-8ACC-F0457EDBA14B}.Debug|Any CPU.ActiveCfg = Debug|Any CPU
		{DCBECF0A-A4A2-472D-8ACC-F0457EDBA14B}.Debug|Any CPU.Build.0 = Debug|Any CPU
		{DCBECF0A-A4A2-472D-8ACC-F0457EDBA14B}.Release|Any CPU.ActiveCfg = Release|Any CPU
		{DCBECF0A-A4A2-472D-8ACC-F0457EDBA14B}.Release|Any CPU.Build.0 = Release|Any CPU
	EndGlobalSection
	GlobalSection(SolutionProperties) = preSolution
		HideSolutionNode = FALSE
	EndGlobalSection
	GlobalSection(ExtensibilityGlobals) = postSolution
		SolutionGuid = {660C7192-1817-4782-85B0-996FD52EF580}
	EndGlobalSection
EndGlobal
